dependencies:
- name: influxdb2
  repository: https://helm.influxdata.com/
  version: 2.1.1
- name: grafana
  repository: https://grafana.github.io/helm-charts
  version: 7.0.2
digest: sha256:94fc85a3e2abaee0f380351b45b3a111594e22010fb656b94f0a0ec87dece853
generated: "2023-11-01T21:32:43.797574824+01:00"
