dependencies:
- name: influxdb2
  repository: https://helm.influxdata.com/
  version: 2.1.1
- name: grafana
  repository: https://grafana.github.io/helm-charts
  version: 6.59.4
digest: sha256:4d989d7ac22831f63e72ba7c0b27091195a3e3693902ed59bd2f6529353f5bea
generated: "2023-09-15T21:33:00.267244344+02:00"
